#MicroXplorer Configuration settings - do not modify
BOOTPATH.BootPathName=LEGACY
BOOTPATH.IPParameters=BootPathName
BOOTPATH.UserSelectedBootPath=LEGACY
CAD.formats=
CAD.pinconfig=
CAD.provider=
CORTEX_M33_NS.IPParameters=MPU_Control
CORTEX_M33_NS.MPU_Control=__NULL
CORTEX_M33_NS.userName=CORTEX_M33
ETH.IPParameters=MediaInterface
ETH.MediaInterface=HAL_ETH_RMII_MODE
FDCAN1.AutoRetransmission=ENABLE
FDCAN1.CalculateBaudRateNominal=500000
FDCAN1.CalculateTimeBitNominal=2000
FDCAN1.CalculateTimeQuantumNominal=50.0
FDCAN1.ClockDivider=FDCAN_CLOCK_DIV1
FDCAN1.IPParameters=CalculateTimeQuantumNominal,CalculateTimeBitNominal,CalculateBaudRateNominal,NominalTimeSeg1,NominalPrescaler,NominalTimeSeg2,AutoRetransmission,ClockDivider
FDCAN1.NominalPrescaler=4
FDCAN1.NominalTimeSeg1=31
FDCAN1.NominalTimeSeg2=8
FDCAN2.AutoRetransmission=ENABLE
FDCAN2.CalculateBaudRateNominal=500000
FDCAN2.CalculateTimeBitNominal=2000
FDCAN2.CalculateTimeQuantumNominal=50.0
FDCAN2.IPParameters=CalculateTimeQuantumNominal,CalculateTimeBitNominal,CalculateBaudRateNominal,NominalPrescaler,NominalTimeSeg1,NominalTimeSeg2,AutoRetransmission
FDCAN2.NominalPrescaler=4
FDCAN2.NominalTimeSeg1=31
FDCAN2.NominalTimeSeg2=8
File.Version=6
GPDMA1.BLKHWREQUEST_GPDMACH1-SIMPLEREQUEST_GPDMACH1=DMA_BREQ_SINGLE_BURST
GPDMA1.CIRCULARMODE_GPDMACH1=ENABLE
GPDMA1.CIRCULARMODE_GPDMACH2=ENABLE
GPDMA1.CIRCULARMODE_GPDMACH3=ENABLE
GPDMA1.CIRCULARMODE_GPDMACH4=ENABLE
GPDMA1.CIRCULARMODE_GPDMACH5=ENABLE
GPDMA1.DATAEXCHANGE_GPDMACH1-SIMPLEREQUEST_GPDMACH1=DMA_EXCHANGE_DEST_BYTE|DMA_EXCHANGE_DEST_HALFWORD
GPDMA1.DATAEXCHANGE_GPDMACH4-SIMPLEREQUEST_GPDMACH4=DMA_EXCHANGE_DEST_BYTE|DMA_EXCHANGE_DEST_HALFWORD|DMA_EXCHANGE_SRC_BYTE
GPDMA1.DATAHANDLING_GPDMACH1=ENABLE
GPDMA1.DESTINC_GPDMACH1=DMA_DINC_INCREMENTED
GPDMA1.DESTINC_GPDMACH2=DMA_DINC_INCREMENTED
GPDMA1.DIRECTION_GPDMACH5=DMA_MEMORY_TO_PERIPH
GPDMA1.IPHANDLE_GPDMACH1-SIMPLEREQUEST_GPDMACH1=__NULL
GPDMA1.IPHANDLE_GPDMACH2-SIMPLEREQUEST_GPDMACH2=__NULL
GPDMA1.IPHANDLE_GPDMACH3-SIMPLEREQUEST_GPDMACH3=__NULL
GPDMA1.IPHANDLE_GPDMACH4-SIMPLEREQUEST_GPDMACH4=__NULL
GPDMA1.IPHANDLE_GPDMACH5-SIMPLEREQUEST_GPDMACH5=__NULL
GPDMA1.IPHANDLE_GPDMACH6-SIMPLEREQUEST_GPDMACH6=__NULL
GPDMA1.IPParameters=DESTINC_GPDMACH1,CIRCULARMODE_GPDMACH1,REQUEST_GPDMACH1,SRCINC_GPDMACH1,DATAHANDLING_GPDMACH1,REQUEST_GPDMACH4,REQUEST_GPDMACH5,DIRECTION_GPDMACH5,CIRCULARMODE_GPDMACH5,CIRCULARMODE_GPDMACH4,REQUEST_GPDMACH6,CIRCULARMODE_GPDMACH3,REQUEST_GPDMACH3,IPHANDLE_GPDMACH6-SIMPLEREQUEST_GPDMACH6,IPHANDLE_GPDMACH5-SIMPLEREQUEST_GPDMACH5,IPHANDLE_GPDMACH4-SIMPLEREQUEST_GPDMACH4,IPHANDLE_GPDMACH3-SIMPLEREQUEST_GPDMACH3,IPHANDLE_GPDMACH1-SIMPLEREQUEST_GPDMACH1,DATAEXCHANGE_GPDMACH1-SIMPLEREQUEST_GPDMACH1,CIRCULARMODE_GPDMACH2,IPHANDLE_GPDMACH2-SIMPLEREQUEST_GPDMACH2,REQUEST_GPDMACH2,SRCINC_GPDMACH2,DESTINC_GPDMACH2,DATAEXCHANGE_GPDMACH4-SIMPLEREQUEST_GPDMACH4,BLKHWREQUEST_GPDMACH1-SIMPLEREQUEST_GPDMACH1
GPDMA1.REQUEST_GPDMACH1=GPDMA1_REQUEST_SPI1_RX
GPDMA1.REQUEST_GPDMACH2=GPDMA1_REQUEST_UART4_RX
GPDMA1.REQUEST_GPDMACH3=GPDMA1_REQUEST_UART4_TX
GPDMA1.REQUEST_GPDMACH4=GPDMA1_REQUEST_UART5_RX
GPDMA1.REQUEST_GPDMACH5=GPDMA1_REQUEST_UART5_TX
GPDMA1.REQUEST_GPDMACH6=GPDMA1_REQUEST_SPI1_RX
GPDMA1.SRCINC_GPDMACH1=DMA_SINC_INCREMENTED
GPDMA1.SRCINC_GPDMACH2=DMA_SINC_INCREMENTED
GPIO.groupedBy=Group By Peripherals
I2C1.IPParameters=Timing
I2C1.Timing=0x10C0ECFF
I2C4.IPParameters=Timing
I2C4.Timing=0x10C0ECFF
KeepUserPlacement=false
MMTAppRegionsCount=0
MMTConfigApplied=false
Mcu.CPN=STM32H563VIT6
Mcu.ContextProject=TrustZoneDisabled
Mcu.Family=STM32H5
Mcu.IP0=BOOTPATH
Mcu.IP1=CORTEX_M33_NS
Mcu.IP10=MEMORYMAP
Mcu.IP11=NVIC
Mcu.IP12=PWR
Mcu.IP13=RCC
Mcu.IP14=RTC
Mcu.IP15=SBS
Mcu.IP16=SDMMC1
Mcu.IP17=SPI1
Mcu.IP18=SYS
Mcu.IP19=TIM1
Mcu.IP2=DCACHE1
Mcu.IP20=UART4
Mcu.IP21=UART5
Mcu.IP22=UART7
Mcu.IP23=USART1
Mcu.IP24=USART2
Mcu.IP25=USART3
Mcu.IP26=USART6
Mcu.IP27=USART10
Mcu.IP28=USB
Mcu.IP3=ETH
Mcu.IP4=FDCAN1
Mcu.IP5=FDCAN2
Mcu.IP6=GPDMA1
Mcu.IP7=I2C1
Mcu.IP8=I2C4
Mcu.IP9=ICACHE
Mcu.IPNb=29
Mcu.Name=STM32H563VITx
Mcu.Package=LQFP100
Mcu.Pin0=PE2
Mcu.Pin1=PE3
Mcu.Pin10=PA0
Mcu.Pin11=PA1
Mcu.Pin12=PA2
Mcu.Pin13=PA4
Mcu.Pin14=PA5
Mcu.Pin15=PA6
Mcu.Pin16=PA7
Mcu.Pin17=PC4
Mcu.Pin18=PC5
Mcu.Pin19=PB2
Mcu.Pin2=PC13
Mcu.Pin20=PE7
Mcu.Pin21=PE8
Mcu.Pin22=PE9
Mcu.Pin23=PE10
Mcu.Pin24=PE11
Mcu.Pin25=PE12
Mcu.Pin26=PE13
Mcu.Pin27=PE14
Mcu.Pin28=PB10
Mcu.Pin29=PB12
Mcu.Pin3=PC14-OSC32_IN(OSC32_IN)
Mcu.Pin30=PB13
Mcu.Pin31=PB14
Mcu.Pin32=PB15
Mcu.Pin33=PD9
Mcu.Pin34=PD11
Mcu.Pin35=PD12
Mcu.Pin36=PD13
Mcu.Pin37=PC6
Mcu.Pin38=PC7
Mcu.Pin39=PC8
Mcu.Pin4=PC15-OSC32_OUT(OSC32_OUT)
Mcu.Pin40=PC9
Mcu.Pin41=PA8
Mcu.Pin42=PA9
Mcu.Pin43=PA10
Mcu.Pin44=PA11
Mcu.Pin45=PA12
Mcu.Pin46=PC10
Mcu.Pin47=PC11
Mcu.Pin48=PC12
Mcu.Pin49=PD0
Mcu.Pin5=PH0-OSC_IN(PH0)
Mcu.Pin50=PD1
Mcu.Pin51=PD2
Mcu.Pin52=PD5
Mcu.Pin53=PD6
Mcu.Pin54=PD7
Mcu.Pin55=PB3(JTDO/TRACESWO)
Mcu.Pin56=PB4(NJTRST)
Mcu.Pin57=PB5
Mcu.Pin58=PB6
Mcu.Pin59=PB7
Mcu.Pin6=PH1-OSC_OUT(PH1)
Mcu.Pin60=PB8
Mcu.Pin61=PB9
Mcu.Pin62=VP_CORTEX_M33_NS_VS_Hclk
Mcu.Pin63=VP_DCACHE1_VS_DCACHE
Mcu.Pin64=VP_GPDMA1_VS_GPDMACH1
Mcu.Pin65=VP_GPDMA1_VS_GPDMACH2
Mcu.Pin66=VP_GPDMA1_VS_GPDMACH3
Mcu.Pin67=VP_GPDMA1_VS_GPDMACH4
Mcu.Pin68=VP_GPDMA1_VS_GPDMACH5
Mcu.Pin69=VP_GPDMA1_VS_GPDMACH6
Mcu.Pin7=PC0
Mcu.Pin70=VP_ICACHE_VS_ICACHE
Mcu.Pin71=VP_PWR_VS_SECSignals
Mcu.Pin72=VP_PWR_VS_LPOM
Mcu.Pin73=VP_RTC_VS_RTC_Activate
Mcu.Pin74=VP_SBS_VS-SBS
Mcu.Pin75=VP_SYS_VS_Systick
Mcu.Pin76=VP_TIM1_VS_ClockSourceINT
Mcu.Pin77=VP_BOOTPATH_VS_BOOTPATH
Mcu.Pin78=VP_MEMORYMAP_VS_MEMORYMAP
Mcu.Pin8=PC1
Mcu.Pin9=PC2
Mcu.PinsNb=79
Mcu.ThirdPartyNb=0
Mcu.UserConstants=
Mcu.UserName=STM32H563VITx
MxCube.Version=6.15.0
MxDb.Version=DB.6.0.150
NVIC.BusFault_IRQn=true\:0\:0\:false\:false\:true\:false\:false\:false
NVIC.DCACHE1_IRQn=true\:0\:0\:false\:false\:true\:true\:true\:true
NVIC.DebugMonitor_IRQn=true\:0\:0\:false\:false\:true\:false\:false\:false
NVIC.ETH_IRQn=true\:0\:0\:false\:false\:true\:true\:true\:true
NVIC.ETH_WKUP_IRQn=true\:0\:0\:false\:false\:true\:true\:true\:true
NVIC.FDCAN1_IT0_IRQn=true\:0\:0\:false\:false\:true\:true\:true\:true
NVIC.FDCAN1_IT1_IRQn=true\:0\:0\:false\:false\:true\:true\:true\:true
NVIC.FDCAN2_IT0_IRQn=true\:0\:0\:false\:false\:true\:true\:true\:true
NVIC.FDCAN2_IT1_IRQn=true\:0\:0\:false\:false\:true\:true\:true\:true
NVIC.ForceEnableDMAVector=true
NVIC.GPDMA1_Channel1_IRQn=true\:0\:0\:false\:false\:true\:false\:true\:true
NVIC.GPDMA1_Channel2_IRQn=true\:0\:0\:false\:false\:true\:false\:true\:true
NVIC.GPDMA1_Channel3_IRQn=true\:0\:0\:false\:false\:true\:false\:true\:true
NVIC.GPDMA1_Channel4_IRQn=true\:0\:0\:false\:false\:true\:false\:true\:true
NVIC.GPDMA1_Channel5_IRQn=true\:0\:0\:false\:false\:true\:false\:true\:true
NVIC.GPDMA1_Channel6_IRQn=true\:0\:0\:false\:false\:true\:false\:true\:true
NVIC.HardFault_IRQn=true\:0\:0\:false\:false\:true\:false\:false\:false
NVIC.MemoryManagement_IRQn=true\:0\:0\:false\:false\:true\:false\:false\:false
NVIC.NonMaskableInt_IRQn=true\:0\:0\:false\:false\:true\:false\:false\:false
NVIC.PendSV_IRQn=true\:0\:0\:false\:false\:true\:false\:false\:false
NVIC.PriorityGroup=NVIC_PRIORITYGROUP_4
NVIC.RCC_IRQn=true\:0\:0\:false\:false\:true\:true\:false\:true
NVIC.SDMMC1_IRQn=true\:0\:0\:false\:false\:true\:true\:true\:true
NVIC.SPI1_IRQn=true\:0\:0\:false\:false\:true\:true\:true\:true
NVIC.SVCall_IRQn=true\:0\:0\:false\:false\:true\:false\:false\:false
NVIC.SysTick_IRQn=true\:15\:0\:false\:false\:true\:false\:true\:false
NVIC.TIM1_BRK_IRQn=true\:0\:0\:false\:false\:true\:true\:true\:true
NVIC.TIM1_CC_IRQn=true\:0\:0\:false\:false\:true\:true\:true\:true
NVIC.TIM1_TRG_COM_IRQn=true\:0\:0\:false\:false\:true\:true\:true\:true
NVIC.TIM1_UP_IRQn=true\:0\:0\:false\:false\:true\:true\:true\:true
NVIC.UART4_IRQn=true\:0\:0\:false\:false\:true\:true\:true\:true
NVIC.UART5_IRQn=true\:0\:0\:false\:false\:true\:true\:true\:true
NVIC.UART7_IRQn=true\:0\:0\:false\:false\:true\:true\:true\:true
NVIC.USART1_IRQn=true\:0\:0\:false\:false\:true\:true\:true\:true
NVIC.USART3_IRQn=true\:0\:0\:false\:false\:true\:true\:true\:true
NVIC.USART6_IRQn=true\:0\:0\:false\:false\:true\:true\:true\:true
NVIC.USB_DRD_FS_IRQn=true\:0\:0\:false\:false\:true\:true\:true\:true
NVIC.UsageFault_IRQn=true\:0\:0\:false\:false\:true\:false\:false\:false
PA0.Mode=Asynchronous
PA0.Signal=UART4_TX
PA1.GPIOParameters=GPIO_Speed_Default_HIGH
PA1.GPIO_Speed_Default_HIGH=GPIO_SPEED_FREQ_HIGH
PA1.Locked=true
PA1.Mode=RMII
PA1.Signal=ETH_REF_CLK
PA10.GPIOParameters=GPIO_PuPd
PA10.GPIO_PuPd=GPIO_PULLUP
PA10.Mode=SD_4_bits_Wide_bus
PA10.Signal=SDMMC1_D0
PA11.Mode=Device
PA11.Signal=USB_DM
PA12.Mode=Device
PA12.Signal=USB_DP
PA2.Mode=RMII
PA2.Signal=ETH_MDIO
PA4.GPIOParameters=GPIO_Label
PA4.GPIO_Label=SPI_NSS
PA4.Locked=true
PA4.Signal=GPIO_Output
PA5.Mode=RMII
PA5.Signal=ETH_TX_EN
PA6.Mode=Full_Duplex_Master
PA6.Signal=SPI1_MISO
PA7.Mode=RMII
PA7.Signal=ETH_CRS_DV
PA8.GPIOParameters=PinAttribute
PA8.Locked=true
PA8.PinAttribute=Free
PA8.Signal=S_TIM1_CH1
PA9.Locked=true
PA9.Mode=Asynchronous
PA9.Signal=USART1_TX
PB10.Locked=true
PB10.Mode=Asynchronous
PB10.Signal=USART3_TX
PB12.Mode=RMII
PB12.Signal=ETH_TXD0
PB13.Mode=Asynchronous
PB13.Signal=UART5_TX
PB14.GPIOParameters=GPIO_Label
PB14.GPIO_Label=U4_DE
PB14.Locked=true
PB14.Signal=GPIO_Output
PB15.Mode=RMII
PB15.Signal=ETH_TXD1
PB2.Mode=SD_4_bits_Wide_bus
PB2.Signal=SDMMC1_CMD
PB3(JTDO/TRACESWO).Locked=true
PB3(JTDO/TRACESWO).Mode=Full_Duplex_Master
PB3(JTDO/TRACESWO).Signal=SPI1_SCK
PB4(NJTRST).GPIOParameters=GPIO_Label
PB4(NJTRST).GPIO_Label=SDMMC1_DET
PB4(NJTRST).Locked=true
PB4(NJTRST).Signal=GPIO_Input
PB5.Locked=true
PB5.Mode=FDCAN_Activate
PB5.Signal=FDCAN2_RX
PB6.Locked=true
PB6.Mode=FDCAN_Activate
PB6.Signal=FDCAN2_TX
PB7.Locked=true
PB7.Mode=Asynchronous
PB7.Signal=USART1_RX
PB8.Locked=true
PB8.Mode=I2C
PB8.Signal=I2C1_SCL
PB9.Mode=I2C
PB9.Signal=I2C1_SDA
PC0.GPIOParameters=GPIO_PuPd,GPIO_Label
PC0.GPIO_Label=SW
PC0.GPIO_PuPd=GPIO_PULLUP
PC0.Locked=true
PC0.Signal=GPIO_Input
PC1.Mode=RMII
PC1.Signal=ETH_MDC
PC10.GPIOParameters=GPIO_PuPd
PC10.GPIO_PuPd=GPIO_PULLUP
PC10.Locked=true
PC10.Mode=SD_4_bits_Wide_bus
PC10.Signal=SDMMC1_D2
PC11.GPIOParameters=GPIO_PuPd
PC11.GPIO_PuPd=GPIO_PULLUP
PC11.Locked=true
PC11.Mode=SD_4_bits_Wide_bus
PC11.Signal=SDMMC1_D3
PC12.Mode=SD_4_bits_Wide_bus
PC12.Signal=SDMMC1_CK
PC13.GPIOParameters=PinState,GPIO_PuPd,GPIO_Label
PC13.GPIO_Label=LED
PC13.GPIO_PuPd=GPIO_PULLUP
PC13.Locked=true
PC13.PinState=GPIO_PIN_SET
PC13.Signal=GPIO_Output
PC14-OSC32_IN(OSC32_IN).Mode=LSE-External-Oscillator
PC14-OSC32_IN(OSC32_IN).Signal=RCC_OSC32_IN
PC15-OSC32_OUT(OSC32_OUT).Mode=LSE-External-Oscillator
PC15-OSC32_OUT(OSC32_OUT).Signal=RCC_OSC32_OUT
PC2.GPIOParameters=GPIO_Speed,PinState,GPIO_PuPd,GPIO_Label
PC2.GPIO_Label=RMII_NRST
PC2.GPIO_PuPd=GPIO_PULLUP
PC2.GPIO_Speed=GPIO_SPEED_FREQ_LOW
PC2.Locked=true
PC2.PinState=GPIO_PIN_SET
PC2.Signal=GPIO_Output
PC4.Mode=RMII
PC4.Signal=ETH_RXD0
PC5.Mode=RMII
PC5.Signal=ETH_RXD1
PC6.Mode=Asynchronous
PC6.Signal=USART6_TX
PC7.GPIOParameters=PinAttribute
PC7.Mode=Asynchronous
PC7.PinAttribute=Free
PC7.Signal=USART6_RX
PC8.GPIOParameters=GPIO_Label,PinAttribute
PC8.GPIO_Label=U5_DE
PC8.Locked=true
PC8.PinAttribute=Free
PC8.Signal=GPIO_Output
PC9.GPIOParameters=GPIO_PuPd
PC9.GPIO_PuPd=GPIO_PULLUP
PC9.Locked=true
PC9.Mode=SD_4_bits_Wide_bus
PC9.Signal=SDMMC1_D1
PD0.Mode=FDCAN_Activate
PD0.Signal=FDCAN1_RX
PD1.Mode=FDCAN_Activate
PD1.Signal=FDCAN1_TX
PD11.Locked=true
PD11.Mode=Asynchronous
PD11.Signal=UART4_RX
PD12.Mode=I2C
PD12.Signal=I2C4_SCL
PD13.Mode=I2C
PD13.Signal=I2C4_SDA
PD2.Locked=true
PD2.Mode=Asynchronous
PD2.Signal=UART5_RX
PD5.Locked=true
PD5.Mode=Asynchronous
PD5.Signal=USART2_TX
PD6.Locked=true
PD6.Mode=Asynchronous
PD6.Signal=USART2_RX
PD7.Locked=true
PD7.Mode=Full_Duplex_Master
PD7.Signal=SPI1_MOSI
PD9.Locked=true
PD9.Mode=Asynchronous
PD9.Signal=USART3_RX
PE10.Mode=CTS_RTS
PE10.Signal=UART7_CTS
PE11.Locked=true
PE11.Signal=SPI4_NSS
PE12.Locked=true
PE12.Signal=SPI4_SCK
PE13.Locked=true
PE13.Signal=SPI4_MISO
PE14.Locked=true
PE14.Signal=SPI4_MOSI
PE2.Mode=Asynchronous
PE2.Signal=USART10_RX
PE3.Mode=Asynchronous
PE3.Signal=USART10_TX
PE7.Mode=Asynchronous
PE7.Signal=UART7_RX
PE8.Mode=Asynchronous
PE8.Signal=UART7_TX
PE9.Mode=CTS_RTS
PE9.Signal=UART7_RTS
PH0-OSC_IN(PH0).Mode=HSE-External-Oscillator
PH0-OSC_IN(PH0).Signal=RCC_OSC_IN
PH1-OSC_OUT(PH1).Mode=HSE-External-Oscillator
PH1-OSC_OUT(PH1).Signal=RCC_OSC_OUT
PinOutPanel.RotationAngle=0
ProjectManager.AskForMigrate=true
ProjectManager.BackupPrevious=false
ProjectManager.CompilerLinker=GCC
ProjectManager.CompilerOptimize=6
ProjectManager.ComputerToolchain=false
ProjectManager.CoupleFile=true
ProjectManager.CustomerFirmwarePackage=
ProjectManager.DefaultFWLocation=true
ProjectManager.DeletePrevious=true
ProjectManager.DeviceId=STM32H563VITx
ProjectManager.FirmwarePackage=STM32Cube FW_H5 V1.5.1
ProjectManager.FreePins=false
ProjectManager.HalAssertFull=false
ProjectManager.HeapSize=0x400
ProjectManager.KeepUserCode=true
ProjectManager.LastFirmware=true
ProjectManager.LibraryCopy=1
ProjectManager.MainLocation=Core/Src
ProjectManager.NoMain=false
ProjectManager.PreviousToolchain=STM32CubeIDE
ProjectManager.ProjectBuild=false
ProjectManager.ProjectFileName=H5_KIT_Test.ioc
ProjectManager.ProjectName=H5_KIT_Test
ProjectManager.ProjectStructure=
ProjectManager.RegisterCallBack=
ProjectManager.StackSize=0x400
ProjectManager.TargetToolchain=STM32CubeIDE
ProjectManager.ToolChainLocation=
ProjectManager.UAScriptAfterPath=
ProjectManager.UAScriptBeforePath=
ProjectManager.UnderRoot=true
ProjectManager.functionlistsort=1-SystemClock_Config-RCC-false-HAL-false,2-MX_GPIO_Init-GPIO-false-HAL-true,3-MX_GPDMA1_Init-GPDMA1-false-HAL-true,4-MX_USB_PCD_Init-USB-false-HAL-true,5-MX_FDCAN1_Init-FDCAN1-false-HAL-true,6-MX_I2C1_Init-I2C1-false-HAL-true,7-MX_I2C4_Init-I2C4-false-HAL-true,8-MX_SPI1_Init-SPI1-false-HAL-true,9-MX_UART5_Init-UART5-false-HAL-true,10-MX_UART7_Init-UART7-false-HAL-true,11-MX_USART1_UART_Init-USART1-false-HAL-true,12-MX_USART2_UART_Init-USART2-false-HAL-true,13-MX_USART3_UART_Init-USART3-false-HAL-true,14-MX_USART6_UART_Init-USART6-false-HAL-true,15-MX_FDCAN2_Init-FDCAN2-false-HAL-true,16-MX_TIM1_Init-TIM1-false-HAL-true,17-MX_RTC_Init-RTC-false-HAL-true,18-MX_UART4_Init-UART4-false-HAL-true,19-MX_SBS_Init-SBS-false-HAL-true,20-MX_USART10_UART_Init-USART10-false-HAL-true,21-MX_SDMMC1_SD_Init-SDMMC1-true-HAL-true,false-22-MX_ETH_Init-ETH-false-HAL-true,23-MX_ICACHE_Init-ICACHE-false-HAL-true,24-MX_DCACHE1_Init-DCACHE1-false-HAL-true,0-MX_CORTEX_M33_NS_Init-CORTEX_M33_NS-false-HAL-true,0-MX_PWR_Init-PWR-false-HAL-true
RCC.ADCFreq_Value=250000000
RCC.AHBFreq_Value=250000000
RCC.APB1Freq_Value=250000000
RCC.APB1TimFreq_Value=250000000
RCC.APB2Freq_Value=250000000
RCC.APB2TimFreq_Value=250000000
RCC.APB3Freq_Value=250000000
RCC.CECFreq_Value=32000
RCC.CKPERFreq_Value=32000000
RCC.CRSFreq_Value=48000000
RCC.CSI_VALUE=4000000
RCC.CortexFreq_Value=250000000
RCC.DACFreq_Value=32768
RCC.EPOD_VALUE=25000000
RCC.ETHFreq_Value=50000000
RCC.FCLKCortexFreq_Value=250000000
RCC.FDCANClockSelection=RCC_FDCANCLKSOURCE_PLL2Q
RCC.FDCANFreq_Value=80000000
RCC.FamilyName=M
RCC.HCLKFreq_Value=250000000
RCC.HSE_VALUE=25000000
RCC.HSI48_VALUE=48000000
RCC.HSI_VALUE=64000000
RCC.I2C1CLockSelection=RCC_I2C1CLKSOURCE_PLL3R
RCC.I2C1Freq_Value=100000000
RCC.I2C2Freq_Value=250000000
RCC.I2C3Freq_Value=250000000
RCC.I2C4CLockSelection=RCC_I2C4CLKSOURCE_PLL3R
RCC.I2C4Freq_Value=100000000
RCC.I3C1Freq_Value=250000000
RCC.IPParameters=ADCFreq_Value,AHBFreq_Value,APB1Freq_Value,APB1TimFreq_Value,APB2Freq_Value,APB2TimFreq_Value,APB3Freq_Value,CECFreq_Value,CKPERFreq_Value,CRSFreq_Value,CSI_VALUE,CortexFreq_Value,DACFreq_Value,EPOD_VALUE,ETHFreq_Value,FCLKCortexFreq_Value,FDCANClockSelection,FDCANFreq_Value,FamilyName,HCLKFreq_Value,HSE_VALUE,HSI48_VALUE,HSI_VALUE,I2C1CLockSelection,I2C1Freq_Value,I2C2Freq_Value,I2C3Freq_Value,I2C4CLockSelection,I2C4Freq_Value,I3C1Freq_Value,LPTIM1Freq_Value,LPTIM2Freq_Value,LPTIM3Freq_Value,LPTIM4Freq_Value,LPTIM5Freq_Value,LPTIM6Freq_Value,LPUART1Freq_Value,LSCOPinFreq_Value,LSCOSource1,LSE_Drive_Capability,LSIRC_VALUE,MCO1PinFreq_Value,MCO2PinFreq_Value,OCTOSPIMFreq_Value,PLL1Q,PLL2FRACN,PLL2M,PLL2N,PLL2P,PLL2PoutputFreq_Value,PLL2QoutputFreq_Value,PLL2RoutputFreq_Value,PLL2Source,PLL3M,PLL3N,PLL3PoutputFreq_Value,PLL3Q,PLL3QoutputFreq_Value,PLL3R,PLL3RoutputFreq_Value,PLL3Source,PLLFRACN,PLLM,PLLN,PLLPoutputFreq_Value,PLLQoutputFreq_Value,PLLSourceVirtual,PWRFreq_Value,RNGFreq_Value,RTCClockSelection,RTCFreq_Value,SAI1Freq_Value,SAI2Freq_Value,SDMMC1ClockSelection,SDMMC1Freq_Value,SPI1Freq_Value,SPI2Freq_Value,SPI3Freq_Value,SPI4Freq_Value,SPI6Freq_Value,SYSCLKFreq_VALUE,SYSCLKSource,UART12Freq_Value,UART4CLockSelection,UART4Freq_Value,UART5CLockSelection,UART5Freq_Value,UART7Freq_Value,UART8Freq_Value,UART9Freq_Value,UCPD1outputFreq_Value,USART10Freq_Value,USART11Freq_Value,USART1CLockSelection,USART1Freq_Value,USART2CLockSelection,USART2Freq_Value,USART3CLockSelection,USART3Freq_Value,USART6Freq_Value,USBFreq_Value,VCOInput2Freq_Value,VCOInput3Freq_Value,VCOInputFreq_Value,VCOOutputFreq_Value,VCOPLL2OutputFreq_Value,VCOPLL3OutputFreq_Value,rccPrivilegeNSecure
RCC.LPTIM1Freq_Value=250000000
RCC.LPTIM2Freq_Value=250000000
RCC.LPTIM3Freq_Value=250000000
RCC.LPTIM4Freq_Value=250000000
RCC.LPTIM5Freq_Value=250000000
RCC.LPTIM6Freq_Value=250000000
RCC.LPUART1Freq_Value=250000000
RCC.LSCOPinFreq_Value=32768
RCC.LSCOSource1=RCC_LSCOSOURCE_LSE
RCC.LSE_Drive_Capability=RCC_LSEDRIVE_HIGH
RCC.LSIRC_VALUE=32000
RCC.MCO1PinFreq_Value=32000000
RCC.MCO2PinFreq_Value=250000000
RCC.OCTOSPIMFreq_Value=250000000
RCC.PLL1Q=10
RCC.PLL2FRACN=0
RCC.PLL2M=5
RCC.PLL2N=32
RCC.PLL2P=3
RCC.PLL2PoutputFreq_Value=53333333.333333336
RCC.PLL2QoutputFreq_Value=80000000
RCC.PLL2RoutputFreq_Value=80000000
RCC.PLL2Source=RCC_PLL2_SOURCE_HSE
RCC.PLL3M=2
RCC.PLL3N=40
RCC.PLL3PoutputFreq_Value=250000000
RCC.PLL3Q=5
RCC.PLL3QoutputFreq_Value=100000000
RCC.PLL3R=5
RCC.PLL3RoutputFreq_Value=100000000
RCC.PLL3Source=RCC_PLL3_SOURCE_HSE
RCC.PLLFRACN=0
RCC.PLLM=2
RCC.PLLN=40
RCC.PLLPoutputFreq_Value=250000000
RCC.PLLQoutputFreq_Value=50000000
RCC.PLLSourceVirtual=RCC_PLL1_SOURCE_HSE
RCC.PWRFreq_Value=250000000
RCC.RNGFreq_Value=48000000
RCC.RTCClockSelection=RCC_RTCCLKSOURCE_LSE
RCC.RTCFreq_Value=32768
RCC.SAI1Freq_Value=53333333.333333336
RCC.SAI2Freq_Value=53333333.333333336
RCC.SDMMC1ClockSelection=RCC_SDMMC1CLKSOURCE_PLL2R
RCC.SDMMC1Freq_Value=80000000
RCC.SPI1Freq_Value=50000000
RCC.SPI2Freq_Value=50000000
RCC.SPI3Freq_Value=50000000
RCC.SPI4Freq_Value=250000000
RCC.SPI6Freq_Value=250000000
RCC.SYSCLKFreq_VALUE=250000000
RCC.SYSCLKSource=RCC_SYSCLKSOURCE_PLLCLK
RCC.UART12Freq_Value=250000000
RCC.UART4CLockSelection=RCC_UART4CLKSOURCE_PLL3Q
RCC.UART4Freq_Value=100000000
RCC.UART5CLockSelection=RCC_UART5CLKSOURCE_PLL3Q
RCC.UART5Freq_Value=100000000
RCC.UART7Freq_Value=250000000
RCC.UART8Freq_Value=250000000
RCC.UART9Freq_Value=250000000
RCC.UCPD1outputFreq_Value=8000000
RCC.USART10Freq_Value=250000000
RCC.USART11Freq_Value=250000000
RCC.USART1CLockSelection=RCC_USART1CLKSOURCE_PLL3Q
RCC.USART1Freq_Value=100000000
RCC.USART2CLockSelection=RCC_USART2CLKSOURCE_PLL3Q
RCC.USART2Freq_Value=100000000
RCC.USART3CLockSelection=RCC_USART3CLKSOURCE_PLL3Q
RCC.USART3Freq_Value=100000000
RCC.USART6Freq_Value=250000000
RCC.USBFreq_Value=48000000
RCC.VCOInput2Freq_Value=5000000
RCC.VCOInput3Freq_Value=12500000
RCC.VCOInputFreq_Value=12500000
RCC.VCOOutputFreq_Value=500000000
RCC.VCOPLL2OutputFreq_Value=160000000
RCC.VCOPLL3OutputFreq_Value=500000000
RCC.rccPrivilegeNSecure=RCC_NSEC_PRIV
RTC.IPParameters=SynchPrediv
RTC.SynchPrediv=249
SDMMC1.ClockDiv=4
SDMMC1.HardwareFlowControl=SDMMC_HARDWARE_FLOW_CONTROL_ENABLE
SDMMC1.IPParameters=ClockDiv,HardwareFlowControl
SH.S_TIM1_CH1.0=TIM1_CH1,PWM Generation1 CH1
SH.S_TIM1_CH1.ConfNb=1
SPI1.BaudRatePrescaler=SPI_BAUDRATEPRESCALER_2
SPI1.CLKPhase=SPI_PHASE_1EDGE
SPI1.CalculateBaudRate=25.0 MBits/s
SPI1.DataSize=SPI_DATASIZE_4BIT
SPI1.Direction=SPI_DIRECTION_2LINES
SPI1.IPParameters=VirtualType,Mode,Direction,CalculateBaudRate,BaudRatePrescaler,CLKPhase,DataSize,NSSPMode
SPI1.Mode=SPI_MODE_MASTER
SPI1.NSSPMode=SPI_NSS_PULSE_DISABLE
SPI1.VirtualType=VM_MASTER
TIM1.Channel-PWM\ Generation1\ CH1=TIM_CHANNEL_1
TIM1.IPParameters=Channel-PWM Generation1 CH1,Prescaler,PeriodNoDither,PulseNoDither_1
TIM1.PeriodNoDither=999
TIM1.Prescaler=61
TIM1.PulseNoDither_1=0
USART1.IPParameters=VirtualMode-Asynchronous
USART1.VirtualMode-Asynchronous=VM_ASYNC
USART10.IPParameters=VirtualMode
USART10.VirtualMode=VM_ASYNC
USART2.IPParameters=VirtualMode-Asynchronous
USART2.VirtualMode-Asynchronous=VM_ASYNC
USART3.IPParameters=VirtualMode-Asynchronous
USART3.VirtualMode-Asynchronous=VM_ASYNC
USART6.IPParameters=VirtualMode
USART6.VirtualMode=VM_ASYNC
USB.IPParameters=VirtualMode
USB.VirtualMode=Device_Only
VP_BOOTPATH_VS_BOOTPATH.Mode=BP_Activate
VP_BOOTPATH_VS_BOOTPATH.Signal=BOOTPATH_VS_BOOTPATH
VP_CORTEX_M33_NS_VS_Hclk.Mode=Hclk_Mode
VP_CORTEX_M33_NS_VS_Hclk.Signal=CORTEX_M33_NS_VS_Hclk
VP_DCACHE1_VS_DCACHE.Mode=DCACHE_Activate
VP_DCACHE1_VS_DCACHE.Signal=DCACHE1_VS_DCACHE
VP_GPDMA1_VS_GPDMACH1.Mode=SIMPLEREQUEST_GPDMACH1
VP_GPDMA1_VS_GPDMACH1.Signal=GPDMA1_VS_GPDMACH1
VP_GPDMA1_VS_GPDMACH2.Mode=SIMPLEREQUEST_GPDMACH2
VP_GPDMA1_VS_GPDMACH2.Signal=GPDMA1_VS_GPDMACH2
VP_GPDMA1_VS_GPDMACH3.Mode=SIMPLEREQUEST_GPDMACH3
VP_GPDMA1_VS_GPDMACH3.Signal=GPDMA1_VS_GPDMACH3
VP_GPDMA1_VS_GPDMACH4.Mode=SIMPLEREQUEST_GPDMACH4
VP_GPDMA1_VS_GPDMACH4.Signal=GPDMA1_VS_GPDMACH4
VP_GPDMA1_VS_GPDMACH5.Mode=SIMPLEREQUEST_GPDMACH5
VP_GPDMA1_VS_GPDMACH5.Signal=GPDMA1_VS_GPDMACH5
VP_GPDMA1_VS_GPDMACH6.Mode=SIMPLEREQUEST_GPDMACH6
VP_GPDMA1_VS_GPDMACH6.Signal=GPDMA1_VS_GPDMACH6
VP_ICACHE_VS_ICACHE.Mode=DirectMappedCache
VP_ICACHE_VS_ICACHE.Signal=ICACHE_VS_ICACHE
VP_MEMORYMAP_VS_MEMORYMAP.Mode=CurAppReg
VP_MEMORYMAP_VS_MEMORYMAP.Signal=MEMORYMAP_VS_MEMORYMAP
VP_PWR_VS_LPOM.Mode=PowerOptimisation
VP_PWR_VS_LPOM.Signal=PWR_VS_LPOM
VP_PWR_VS_SECSignals.Mode=Security/Privilege
VP_PWR_VS_SECSignals.Signal=PWR_VS_SECSignals
VP_RTC_VS_RTC_Activate.Mode=RTC_Enabled
VP_RTC_VS_RTC_Activate.Signal=RTC_VS_RTC_Activate
VP_SBS_VS-SBS.Mode=SBS
VP_SBS_VS-SBS.Signal=SBS_VS-SBS
VP_SYS_VS_Systick.Mode=SysTick
VP_SYS_VS_Systick.Signal=SYS_VS_Systick
VP_TIM1_VS_ClockSourceINT.Mode=Internal
VP_TIM1_VS_ClockSourceINT.Signal=TIM1_VS_ClockSourceINT
board=custom
isbadioc=true
